
Microsoft Visual Studio Solution File, Format Version 12.00
# Visual Studio 14
VisualStudioVersion = 14.0.24720.0
MinimumVisualStudioVersion = 10.0.40219.1
Project("{2150E333-8FDC-42A3-9474-1A3956D46DE8}") = "Documents", "Documents", "{2E2366B7-FB48-496E-8CC9-A94F269C8864}"
	ProjectSection(SolutionItems) = preProject
		Documents\level.xlevel = Documents\level.xlevel
	EndProjectSection
EndProject
Project("{2150E333-8FDC-42A3-9474-1A3956D46DE8}") = "Sources", "Sources", "{1A5EE27A-B13D-4EEB-B87D-B5759077CDC6}"
EndProject
Project("{2150E333-8FDC-42A3-9474-1A3956D46DE8}") = "Engine", "Engine", "{DFC32466-EA99-44BD-B062-5A54CC28C9BB}"
EndProject
Project("{2150E333-8FDC-42A3-9474-1A3956D46DE8}") = "Sample", "Sample", "{7CFEB1FB-6390-46F2-8651-BA25E277CBAF}"
EndProject
Project("{2150E333-8FDC-42A3-9474-1A3956D46DE8}") = "XScene", "XScene", "{43F69472-811E-442D-A49E-52F7BB1B236E}"
EndProject
Project("{FAE04EC0-301F-11D3-BF4B-00C04F79EFBC}") = "XRage.Engine", "Sources\Engine\XRage.Engine\XRage.Engine.csproj", "{0F42E350-18EF-4062-8E29-389B7AACAE3D}"
EndProject
Project("{FAE04EC0-301F-11D3-BF4B-00C04F79EFBC}") = "XRage.DeferredRenderer", "Sources\Engine\XRage.DefferedRenderer\XRage.DeferredRenderer.csproj", "{68B8E4DC-3125-4E65-A0D3-942FE574603D}"
EndProject
Project("{FAE04EC0-301F-11D3-BF4B-00C04F79EFBC}") = "XRage.ContentPipelineExtension", "Sources\Engine\XRage.ContentPipelineExtension\XRage.ContentPipelineExtension.csproj", "{B0BB62A0-1B61-4372-93DC-5526A05D805B}"
EndProject
Project("{FAE04EC0-301F-11D3-BF4B-00C04F79EFBC}") = "XRage.Terrain", "Sources\Engine\XRage.Terrain\XRage.Terrain.csproj", "{33AE0BD9-599C-4426-92DA-F28251897E51}"
EndProject
Project("{FAE04EC0-301F-11D3-BF4B-00C04F79EFBC}") = "XRage.SampleContent", "Sources\Sample\XRage.SampleContent\XRage.SampleContent.contentproj", "{50E10B12-E525-4834-A568-DB8FE4E65312}"
EndProject
Project("{FAE04EC0-301F-11D3-BF4B-00C04F79EFBC}") = "XRage.Sample", "Sources\Sample\XRage.Sample\XRage.Sample.csproj", "{8303C26F-7284-4A85-8B81-A3C6B2A8D86A}"
EndProject
Project("{FAE04EC0-301F-11D3-BF4B-00C04F79EFBC}") = "XRage.CompiledXScene", "Sources\XScene\XRage.CompiledXScene\XRage.CompiledXScene.csproj", "{E1487610-4462-4F02-BA7B-F8AB21144664}"
EndProject
Project("{FAE04EC0-301F-11D3-BF4B-00C04F79EFBC}") = "XRage.XScene", "Sources\XScene\XRage.XScene\XRage.XScene.csproj", "{15EA32B5-08D0-4A15-82AE-D4F92E998D3D}"
EndProject
Project("{2150E333-8FDC-42A3-9474-1A3956D46DE8}") = "VmfScene", "VmfScene", "{497A1FF2-93EB-4820-AD0D-CB561192BA59}"
EndProject
Project("{FAE04EC0-301F-11D3-BF4B-00C04F79EFBC}") = "XRage.VmfParser", "Sources\VmfScene\XRage.VmfParser\XRage.VmfParser.csproj", "{2349CFB1-815D-463A-BBCC-8360D3EBC4FD}"
EndProject
Project("{FAE04EC0-301F-11D3-BF4B-00C04F79EFBC}") = "XRage.VmfScene", "Sources\VmfScene\XRage.VmfScene\XRage.VmfScene.csproj", "{FCE6F710-B678-4904-A612-7C1C1B11938B}"
EndProject
Project("{2150E333-8FDC-42A3-9474-1A3956D46DE8}") = "Tests", "Tests", "{A86A8953-82A3-4DC6-A5D6-D1D611CB86AC}"
EndProject
Project("{2150E333-8FDC-42A3-9474-1A3956D46DE8}") = "Engine", "Engine", "{C6C9109E-039B-447A-878C-683360E2FCF8}"
EndProject
Project("{FAE04EC0-301F-11D3-BF4B-00C04F79EFBC}") = "XRage.ContentPipelineExtension.Test", "Tests\Engine\XRage.ContentPipelineExtension.Test\XRage.ContentPipelineExtension.Test.csproj", "{089AC91E-1CD3-4214-8A81-58B49E1CB66C}"
EndProject
Project("{FAE04EC0-301F-11D3-BF4B-00C04F79EFBC}") = "XRage.Engine.Test", "Tests\Engine\XRage.Engine.Test\XRage.Engine.Test.csproj", "{3330322B-D746-4EF4-AAD0-DC0F46F1BC29}"
EndProject
Project("{2150E333-8FDC-42A3-9474-1A3956D46DE8}") = "VmfScene", "VmfScene", "{53D31506-0AA4-488D-BFB4-0DF1F4E99859}"
EndProject
Project("{FAE04EC0-301F-11D3-BF4B-00C04F79EFBC}") = "XRage.VmfParser.Test", "Tests\VmfScene\XRage.VmfParser.Test\XRage.VmfParser.Test.csproj", "{E90A75E2-90CA-44EB-8440-AAFFF335E1E7}"
EndProject
Project("{2150E333-8FDC-42A3-9474-1A3956D46DE8}") = "Physics", "Physics", "{E054712D-4CAE-42DF-A472-DBF0CD545B70}"
EndProject
Project("{FAE04EC0-301F-11D3-BF4B-00C04F79EFBC}") = "JigLibX", "Sources\Physics\JigLibX\JigLibX.csproj", "{8A7CEF45-3501-491D-AEDA-0164060F5348}"
EndProject
Project("{FAE04EC0-301F-11D3-BF4B-00C04F79EFBC}") = "XRage.Physics.JigX", "Sources\Physics\XRage.Physics.JigX\XRage.Physics.JigX.csproj", "{2A6C7FCF-35DB-47B0-A464-D164A9758DB6}"
EndProject
Project("{FAE04EC0-301F-11D3-BF4B-00C04F79EFBC}") = "XRage.Pix", "Sources\Engine\XRage.Pix\XRage.Pix.csproj", "{A2F5D10D-90ED-4063-BBD1-C772407D9FCD}"
EndProject
Project("{8BC9CEB8-8B4A-11D0-8D11-00A0C91BC942}") = "XRage.PhysX", "Sources\Physics\XRage.PhysX\XRage.PhysX.vcxproj", "{0F40335B-C24C-4AB4-A639-D9A031734BEB}"
EndProject
Global
	GlobalSection(SolutionConfigurationPlatforms) = preSolution
		Debug|Any CPU = Debug|Any CPU
		Debug|Mixed Platforms = Debug|Mixed Platforms
		Debug|Win32 = Debug|Win32
		Debug|x86 = Debug|x86
		Release|Any CPU = Release|Any CPU
		Release|Mixed Platforms = Release|Mixed Platforms
		Release|Win32 = Release|Win32
		Release|x86 = Release|x86
	EndGlobalSection
	GlobalSection(ProjectConfigurationPlatforms) = postSolution
		{0F42E350-18EF-4062-8E29-389B7AACAE3D}.Debug|Any CPU.ActiveCfg = Debug|x86
		{0F42E350-18EF-4062-8E29-389B7AACAE3D}.Debug|Mixed Platforms.ActiveCfg = Debug|x86
		{0F42E350-18EF-4062-8E29-389B7AACAE3D}.Debug|Mixed Platforms.Build.0 = Debug|x86
		{0F42E350-18EF-4062-8E29-389B7AACAE3D}.Debug|Win32.ActiveCfg = Debug|x86
		{0F42E350-18EF-4062-8E29-389B7AACAE3D}.Debug|x86.ActiveCfg = Debug|x86
		{0F42E350-18EF-4062-8E29-389B7AACAE3D}.Debug|x86.Build.0 = Debug|x86
		{0F42E350-18EF-4062-8E29-389B7AACAE3D}.Release|Any CPU.ActiveCfg = Release|x86
		{0F42E350-18EF-4062-8E29-389B7AACAE3D}.Release|Mixed Platforms.ActiveCfg = Release|x86
		{0F42E350-18EF-4062-8E29-389B7AACAE3D}.Release|Mixed Platforms.Build.0 = Release|x86
		{0F42E350-18EF-4062-8E29-389B7AACAE3D}.Release|Win32.ActiveCfg = Release|x86
		{0F42E350-18EF-4062-8E29-389B7AACAE3D}.Release|x86.ActiveCfg = Release|x86
		{0F42E350-18EF-4062-8E29-389B7AACAE3D}.Release|x86.Build.0 = Release|x86
		{68B8E4DC-3125-4E65-A0D3-942FE574603D}.Debug|Any CPU.ActiveCfg = Debug|x86
		{68B8E4DC-3125-4E65-A0D3-942FE574603D}.Debug|Mixed Platforms.ActiveCfg = Debug|x86
		{68B8E4DC-3125-4E65-A0D3-942FE574603D}.Debug|Mixed Platforms.Build.0 = Debug|x86
		{68B8E4DC-3125-4E65-A0D3-942FE574603D}.Debug|Win32.ActiveCfg = Debug|x86
		{68B8E4DC-3125-4E65-A0D3-942FE574603D}.Debug|x86.ActiveCfg = Debug|x86
		{68B8E4DC-3125-4E65-A0D3-942FE574603D}.Debug|x86.Build.0 = Debug|x86
		{68B8E4DC-3125-4E65-A0D3-942FE574603D}.Release|Any CPU.ActiveCfg = Release|x86
		{68B8E4DC-3125-4E65-A0D3-942FE574603D}.Release|Mixed Platforms.ActiveCfg = Release|x86
		{68B8E4DC-3125-4E65-A0D3-942FE574603D}.Release|Mixed Platforms.Build.0 = Release|x86
		{68B8E4DC-3125-4E65-A0D3-942FE574603D}.Release|Win32.ActiveCfg = Release|x86
		{68B8E4DC-3125-4E65-A0D3-942FE574603D}.Release|x86.ActiveCfg = Release|x86
		{68B8E4DC-3125-4E65-A0D3-942FE574603D}.Release|x86.Build.0 = Release|x86
		{B0BB62A0-1B61-4372-93DC-5526A05D805B}.Debug|Any CPU.ActiveCfg = Debug|x86
		{B0BB62A0-1B61-4372-93DC-5526A05D805B}.Debug|Any CPU.Build.0 = Debug|x86
		{B0BB62A0-1B61-4372-93DC-5526A05D805B}.Debug|Mixed Platforms.ActiveCfg = Debug|x86
		{B0BB62A0-1B61-4372-93DC-5526A05D805B}.Debug|Mixed Platforms.Build.0 = Debug|x86
		{B0BB62A0-1B61-4372-93DC-5526A05D805B}.Debug|Win32.ActiveCfg = Debug|x86
		{B0BB62A0-1B61-4372-93DC-5526A05D805B}.Debug|Win32.Build.0 = Debug|x86
		{B0BB62A0-1B61-4372-93DC-5526A05D805B}.Debug|x86.ActiveCfg = Debug|x86
		{B0BB62A0-1B61-4372-93DC-5526A05D805B}.Debug|x86.Build.0 = Debug|x86
		{B0BB62A0-1B61-4372-93DC-5526A05D805B}.Release|Any CPU.ActiveCfg = Debug|x86
		{B0BB62A0-1B61-4372-93DC-5526A05D805B}.Release|Any CPU.Build.0 = Debug|x86
		{B0BB62A0-1B61-4372-93DC-5526A05D805B}.Release|Mixed Platforms.ActiveCfg = Debug|x86
		{B0BB62A0-1B61-4372-93DC-5526A05D805B}.Release|Mixed Platforms.Build.0 = Debug|x86
		{B0BB62A0-1B61-4372-93DC-5526A05D805B}.Release|Win32.ActiveCfg = Debug|x86
		{B0BB62A0-1B61-4372-93DC-5526A05D805B}.Release|Win32.Build.0 = Debug|x86
		{B0BB62A0-1B61-4372-93DC-5526A05D805B}.Release|x86.ActiveCfg = Debug|x86
		{B0BB62A0-1B61-4372-93DC-5526A05D805B}.Release|x86.Build.0 = Debug|x86
		{33AE0BD9-599C-4426-92DA-F28251897E51}.Debug|Any CPU.ActiveCfg = Debug|x86
		{33AE0BD9-599C-4426-92DA-F28251897E51}.Debug|Mixed Platforms.ActiveCfg = Debug|x86
		{33AE0BD9-599C-4426-92DA-F28251897E51}.Debug|Mixed Platforms.Build.0 = Debug|x86
		{33AE0BD9-599C-4426-92DA-F28251897E51}.Debug|Win32.ActiveCfg = Debug|x86
		{33AE0BD9-599C-4426-92DA-F28251897E51}.Debug|x86.ActiveCfg = Debug|x86
		{33AE0BD9-599C-4426-92DA-F28251897E51}.Debug|x86.Build.0 = Debug|x86
		{33AE0BD9-599C-4426-92DA-F28251897E51}.Release|Any CPU.ActiveCfg = Release|x86
		{33AE0BD9-599C-4426-92DA-F28251897E51}.Release|Mixed Platforms.ActiveCfg = Release|x86
		{33AE0BD9-599C-4426-92DA-F28251897E51}.Release|Mixed Platforms.Build.0 = Release|x86
		{33AE0BD9-599C-4426-92DA-F28251897E51}.Release|Win32.ActiveCfg = Release|x86
		{33AE0BD9-599C-4426-92DA-F28251897E51}.Release|x86.ActiveCfg = Release|x86
		{33AE0BD9-599C-4426-92DA-F28251897E51}.Release|x86.Build.0 = Release|x86
		{50E10B12-E525-4834-A568-DB8FE4E65312}.Debug|Any CPU.ActiveCfg = Debug|Any CPU
		{50E10B12-E525-4834-A568-DB8FE4E65312}.Debug|Mixed Platforms.ActiveCfg = Debug|Any CPU
		{50E10B12-E525-4834-A568-DB8FE4E65312}.Debug|Win32.ActiveCfg = Debug|Any CPU
		{50E10B12-E525-4834-A568-DB8FE4E65312}.Debug|x86.ActiveCfg = Debug|Any CPU
		{50E10B12-E525-4834-A568-DB8FE4E65312}.Release|Any CPU.ActiveCfg = Debug|Any CPU
		{50E10B12-E525-4834-A568-DB8FE4E65312}.Release|Mixed Platforms.ActiveCfg = Debug|Any CPU
		{50E10B12-E525-4834-A568-DB8FE4E65312}.Release|Win32.ActiveCfg = Debug|Any CPU
		{50E10B12-E525-4834-A568-DB8FE4E65312}.Release|x86.ActiveCfg = Debug|Any CPU
		{8303C26F-7284-4A85-8B81-A3C6B2A8D86A}.Debug|Any CPU.ActiveCfg = Debug|x86
		{8303C26F-7284-4A85-8B81-A3C6B2A8D86A}.Debug|Mixed Platforms.ActiveCfg = Debug|x86
		{8303C26F-7284-4A85-8B81-A3C6B2A8D86A}.Debug|Mixed Platforms.Build.0 = Debug|x86
		{8303C26F-7284-4A85-8B81-A3C6B2A8D86A}.Debug|Win32.ActiveCfg = Debug|x86
		{8303C26F-7284-4A85-8B81-A3C6B2A8D86A}.Debug|x86.ActiveCfg = Debug|x86
		{8303C26F-7284-4A85-8B81-A3C6B2A8D86A}.Debug|x86.Build.0 = Debug|x86
		{8303C26F-7284-4A85-8B81-A3C6B2A8D86A}.Release|Any CPU.ActiveCfg = Release|x86
		{8303C26F-7284-4A85-8B81-A3C6B2A8D86A}.Release|Mixed Platforms.ActiveCfg = Release|x86
		{8303C26F-7284-4A85-8B81-A3C6B2A8D86A}.Release|Mixed Platforms.Build.0 = Release|x86
		{8303C26F-7284-4A85-8B81-A3C6B2A8D86A}.Release|Win32.ActiveCfg = Release|x86
		{8303C26F-7284-4A85-8B81-A3C6B2A8D86A}.Release|x86.ActiveCfg = Release|x86
		{8303C26F-7284-4A85-8B81-A3C6B2A8D86A}.Release|x86.Build.0 = Release|x86
		{E1487610-4462-4F02-BA7B-F8AB21144664}.Debug|Any CPU.ActiveCfg = Debug|x86
		{E1487610-4462-4F02-BA7B-F8AB21144664}.Debug|Mixed Platforms.ActiveCfg = Debug|x86
		{E1487610-4462-4F02-BA7B-F8AB21144664}.Debug|Mixed Platforms.Build.0 = Debug|x86
		{E1487610-4462-4F02-BA7B-F8AB21144664}.Debug|Win32.ActiveCfg = Debug|x86
		{E1487610-4462-4F02-BA7B-F8AB21144664}.Debug|x86.ActiveCfg = Debug|x86
		{E1487610-4462-4F02-BA7B-F8AB21144664}.Debug|x86.Build.0 = Debug|x86
		{E1487610-4462-4F02-BA7B-F8AB21144664}.Release|Any CPU.ActiveCfg = Release|x86
		{E1487610-4462-4F02-BA7B-F8AB21144664}.Release|Mixed Platforms.ActiveCfg = Release|x86
		{E1487610-4462-4F02-BA7B-F8AB21144664}.Release|Mixed Platforms.Build.0 = Release|x86
		{E1487610-4462-4F02-BA7B-F8AB21144664}.Release|Win32.ActiveCfg = Release|x86
		{E1487610-4462-4F02-BA7B-F8AB21144664}.Release|x86.ActiveCfg = Release|x86
		{E1487610-4462-4F02-BA7B-F8AB21144664}.Release|x86.Build.0 = Release|x86
		{15EA32B5-08D0-4A15-82AE-D4F92E998D3D}.Debug|Any CPU.ActiveCfg = Debug|x86
		{15EA32B5-08D0-4A15-82AE-D4F92E998D3D}.Debug|Mixed Platforms.ActiveCfg = Debug|x86
		{15EA32B5-08D0-4A15-82AE-D4F92E998D3D}.Debug|Mixed Platforms.Build.0 = Debug|x86
		{15EA32B5-08D0-4A15-82AE-D4F92E998D3D}.Debug|Win32.ActiveCfg = Debug|x86
		{15EA32B5-08D0-4A15-82AE-D4F92E998D3D}.Debug|x86.ActiveCfg = Debug|x86
		{15EA32B5-08D0-4A15-82AE-D4F92E998D3D}.Debug|x86.Build.0 = Debug|x86
		{15EA32B5-08D0-4A15-82AE-D4F92E998D3D}.Release|Any CPU.ActiveCfg = Release|x86
		{15EA32B5-08D0-4A15-82AE-D4F92E998D3D}.Release|Mixed Platforms.ActiveCfg = Release|x86
		{15EA32B5-08D0-4A15-82AE-D4F92E998D3D}.Release|Mixed Platforms.Build.0 = Release|x86
		{15EA32B5-08D0-4A15-82AE-D4F92E998D3D}.Release|Win32.ActiveCfg = Release|x86
		{15EA32B5-08D0-4A15-82AE-D4F92E998D3D}.Release|x86.ActiveCfg = Release|x86
		{15EA32B5-08D0-4A15-82AE-D4F92E998D3D}.Release|x86.Build.0 = Release|x86
		{2349CFB1-815D-463A-BBCC-8360D3EBC4FD}.Debug|Any CPU.ActiveCfg = Debug|x86
		{2349CFB1-815D-463A-BBCC-8360D3EBC4FD}.Debug|Mixed Platforms.ActiveCfg = Debug|x86
		{2349CFB1-815D-463A-BBCC-8360D3EBC4FD}.Debug|Mixed Platforms.Build.0 = Debug|x86
		{2349CFB1-815D-463A-BBCC-8360D3EBC4FD}.Debug|Win32.ActiveCfg = Debug|x86
		{2349CFB1-815D-463A-BBCC-8360D3EBC4FD}.Debug|x86.ActiveCfg = Debug|x86
		{2349CFB1-815D-463A-BBCC-8360D3EBC4FD}.Debug|x86.Build.0 = Debug|x86
		{2349CFB1-815D-463A-BBCC-8360D3EBC4FD}.Release|Any CPU.ActiveCfg = Release|x86
		{2349CFB1-815D-463A-BBCC-8360D3EBC4FD}.Release|Mixed Platforms.ActiveCfg = Release|x86
		{2349CFB1-815D-463A-BBCC-8360D3EBC4FD}.Release|Mixed Platforms.Build.0 = Release|x86
		{2349CFB1-815D-463A-BBCC-8360D3EBC4FD}.Release|Win32.ActiveCfg = Release|x86
		{2349CFB1-815D-463A-BBCC-8360D3EBC4FD}.Release|x86.ActiveCfg = Release|x86
		{2349CFB1-815D-463A-BBCC-8360D3EBC4FD}.Release|x86.Build.0 = Release|x86
		{FCE6F710-B678-4904-A612-7C1C1B11938B}.Debug|Any CPU.ActiveCfg = Debug|x86
		{FCE6F710-B678-4904-A612-7C1C1B11938B}.Debug|Mixed Platforms.ActiveCfg = Debug|x86
		{FCE6F710-B678-4904-A612-7C1C1B11938B}.Debug|Mixed Platforms.Build.0 = Debug|x86
		{FCE6F710-B678-4904-A612-7C1C1B11938B}.Debug|Win32.ActiveCfg = Debug|x86
		{FCE6F710-B678-4904-A612-7C1C1B11938B}.Debug|x86.ActiveCfg = Debug|x86
		{FCE6F710-B678-4904-A612-7C1C1B11938B}.Debug|x86.Build.0 = Debug|x86
		{FCE6F710-B678-4904-A612-7C1C1B11938B}.Release|Any CPU.ActiveCfg = Release|x86
		{FCE6F710-B678-4904-A612-7C1C1B11938B}.Release|Mixed Platforms.ActiveCfg = Release|x86
		{FCE6F710-B678-4904-A612-7C1C1B11938B}.Release|Mixed Platforms.Build.0 = Release|x86
		{FCE6F710-B678-4904-A612-7C1C1B11938B}.Release|Win32.ActiveCfg = Release|x86
		{FCE6F710-B678-4904-A612-7C1C1B11938B}.Release|x86.ActiveCfg = Release|x86
		{FCE6F710-B678-4904-A612-7C1C1B11938B}.Release|x86.Build.0 = Release|x86
		{089AC91E-1CD3-4214-8A81-58B49E1CB66C}.Debug|Any CPU.ActiveCfg = Debug|Any CPU
		{089AC91E-1CD3-4214-8A81-58B49E1CB66C}.Debug|Any CPU.Build.0 = Debug|Any CPU
		{089AC91E-1CD3-4214-8A81-58B49E1CB66C}.Debug|Mixed Platforms.ActiveCfg = Debug|x86
		{089AC91E-1CD3-4214-8A81-58B49E1CB66C}.Debug|Mixed Platforms.Build.0 = Debug|x86
		{089AC91E-1CD3-4214-8A81-58B49E1CB66C}.Debug|Win32.ActiveCfg = Debug|x86
		{089AC91E-1CD3-4214-8A81-58B49E1CB66C}.Debug|x86.ActiveCfg = Debug|x86
		{089AC91E-1CD3-4214-8A81-58B49E1CB66C}.Debug|x86.Build.0 = Debug|x86
		{089AC91E-1CD3-4214-8A81-58B49E1CB66C}.Release|Any CPU.ActiveCfg = Release|Any CPU
		{089AC91E-1CD3-4214-8A81-58B49E1CB66C}.Release|Any CPU.Build.0 = Release|Any CPU
		{089AC91E-1CD3-4214-8A81-58B49E1CB66C}.Release|Mixed Platforms.ActiveCfg = Release|x86
		{089AC91E-1CD3-4214-8A81-58B49E1CB66C}.Release|Mixed Platforms.Build.0 = Release|x86
		{089AC91E-1CD3-4214-8A81-58B49E1CB66C}.Release|Win32.ActiveCfg = Release|x86
		{089AC91E-1CD3-4214-8A81-58B49E1CB66C}.Release|x86.ActiveCfg = Release|x86
		{089AC91E-1CD3-4214-8A81-58B49E1CB66C}.Release|x86.Build.0 = Release|x86
		{3330322B-D746-4EF4-AAD0-DC0F46F1BC29}.Debug|Any CPU.ActiveCfg = Debug|Any CPU
		{3330322B-D746-4EF4-AAD0-DC0F46F1BC29}.Debug|Any CPU.Build.0 = Debug|Any CPU
		{3330322B-D746-4EF4-AAD0-DC0F46F1BC29}.Debug|Mixed Platforms.ActiveCfg = Debug|x86
		{3330322B-D746-4EF4-AAD0-DC0F46F1BC29}.Debug|Mixed Platforms.Build.0 = Debug|x86
		{3330322B-D746-4EF4-AAD0-DC0F46F1BC29}.Debug|Win32.ActiveCfg = Debug|x86
		{3330322B-D746-4EF4-AAD0-DC0F46F1BC29}.Debug|x86.ActiveCfg = Debug|x86
		{3330322B-D746-4EF4-AAD0-DC0F46F1BC29}.Debug|x86.Build.0 = Debug|x86
		{3330322B-D746-4EF4-AAD0-DC0F46F1BC29}.Release|Any CPU.ActiveCfg = Release|Any CPU
		{3330322B-D746-4EF4-AAD0-DC0F46F1BC29}.Release|Any CPU.Build.0 = Release|Any CPU
		{3330322B-D746-4EF4-AAD0-DC0F46F1BC29}.Release|Mixed Platforms.ActiveCfg = Release|x86
		{3330322B-D746-4EF4-AAD0-DC0F46F1BC29}.Release|Mixed Platforms.Build.0 = Release|x86
		{3330322B-D746-4EF4-AAD0-DC0F46F1BC29}.Release|Win32.ActiveCfg = Release|x86
		{3330322B-D746-4EF4-AAD0-DC0F46F1BC29}.Release|x86.ActiveCfg = Release|x86
		{3330322B-D746-4EF4-AAD0-DC0F46F1BC29}.Release|x86.Build.0 = Release|x86
		{E90A75E2-90CA-44EB-8440-AAFFF335E1E7}.Debug|Any CPU.ActiveCfg = Debug|Any CPU
		{E90A75E2-90CA-44EB-8440-AAFFF335E1E7}.Debug|Any CPU.Build.0 = Debug|Any CPU
		{E90A75E2-90CA-44EB-8440-AAFFF335E1E7}.Debug|Mixed Platforms.ActiveCfg = Debug|x86
		{E90A75E2-90CA-44EB-8440-AAFFF335E1E7}.Debug|Mixed Platforms.Build.0 = Debug|x86
		{E90A75E2-90CA-44EB-8440-AAFFF335E1E7}.Debug|Win32.ActiveCfg = Debug|x86
		{E90A75E2-90CA-44EB-8440-AAFFF335E1E7}.Debug|x86.ActiveCfg = Debug|x86
		{E90A75E2-90CA-44EB-8440-AAFFF335E1E7}.Debug|x86.Build.0 = Debug|x86
		{E90A75E2-90CA-44EB-8440-AAFFF335E1E7}.Release|Any CPU.ActiveCfg = Release|Any CPU
		{E90A75E2-90CA-44EB-8440-AAFFF335E1E7}.Release|Any CPU.Build.0 = Release|Any CPU
		{E90A75E2-90CA-44EB-8440-AAFFF335E1E7}.Release|Mixed Platforms.ActiveCfg = Release|x86
		{E90A75E2-90CA-44EB-8440-AAFFF335E1E7}.Release|Mixed Platforms.Build.0 = Release|x86
		{E90A75E2-90CA-44EB-8440-AAFFF335E1E7}.Release|Win32.ActiveCfg = Release|x86
		{E90A75E2-90CA-44EB-8440-AAFFF335E1E7}.Release|x86.ActiveCfg = Release|x86
		{E90A75E2-90CA-44EB-8440-AAFFF335E1E7}.Release|x86.Build.0 = Release|x86
		{8A7CEF45-3501-491D-AEDA-0164060F5348}.Debug|Any CPU.ActiveCfg = Debug|x86
		{8A7CEF45-3501-491D-AEDA-0164060F5348}.Debug|Mixed Platforms.ActiveCfg = Debug|x86
		{8A7CEF45-3501-491D-AEDA-0164060F5348}.Debug|Win32.ActiveCfg = Debug|x86
		{8A7CEF45-3501-491D-AEDA-0164060F5348}.Debug|x86.ActiveCfg = Debug|x86
		{8A7CEF45-3501-491D-AEDA-0164060F5348}.Debug|x86.Build.0 = Debug|x86
		{8A7CEF45-3501-491D-AEDA-0164060F5348}.Release|Any CPU.ActiveCfg = Release|x86
		{8A7CEF45-3501-491D-AEDA-0164060F5348}.Release|Mixed Platforms.ActiveCfg = Release|x86
		{8A7CEF45-3501-491D-AEDA-0164060F5348}.Release|Mixed Platforms.Build.0 = Release|x86
		{8A7CEF45-3501-491D-AEDA-0164060F5348}.Release|Win32.ActiveCfg = Release|x86
		{8A7CEF45-3501-491D-AEDA-0164060F5348}.Release|x86.ActiveCfg = Release|x86
		{8A7CEF45-3501-491D-AEDA-0164060F5348}.Release|x86.Build.0 = Release|x86
		{2A6C7FCF-35DB-47B0-A464-D164A9758DB6}.Debug|Any CPU.ActiveCfg = Debug|x86
		{2A6C7FCF-35DB-47B0-A464-D164A9758DB6}.Debug|Mixed Platforms.ActiveCfg = Debug|x86
		{2A6C7FCF-35DB-47B0-A464-D164A9758DB6}.Debug|Win32.ActiveCfg = Debug|x86
		{2A6C7FCF-35DB-47B0-A464-D164A9758DB6}.Debug|x86.ActiveCfg = Debug|x86
		{2A6C7FCF-35DB-47B0-A464-D164A9758DB6}.Debug|x86.Build.0 = Debug|x86
		{2A6C7FCF-35DB-47B0-A464-D164A9758DB6}.Release|Any CPU.ActiveCfg = Release|x86
		{2A6C7FCF-35DB-47B0-A464-D164A9758DB6}.Release|Mixed Platforms.ActiveCfg = Release|x86
		{2A6C7FCF-35DB-47B0-A464-D164A9758DB6}.Release|Mixed Platforms.Build.0 = Release|x86
		{2A6C7FCF-35DB-47B0-A464-D164A9758DB6}.Release|Win32.ActiveCfg = Release|x86
		{2A6C7FCF-35DB-47B0-A464-D164A9758DB6}.Release|x86.ActiveCfg = Release|x86
		{2A6C7FCF-35DB-47B0-A464-D164A9758DB6}.Release|x86.Build.0 = Release|x86
		{A2F5D10D-90ED-4063-BBD1-C772407D9FCD}.Debug|Any CPU.ActiveCfg = Debug|x86
		{A2F5D10D-90ED-4063-BBD1-C772407D9FCD}.Debug|Mixed Platforms.ActiveCfg = Debug|x86
		{A2F5D10D-90ED-4063-BBD1-C772407D9FCD}.Debug|Mixed Platforms.Build.0 = Debug|x86
		{A2F5D10D-90ED-4063-BBD1-C772407D9FCD}.Debug|Win32.ActiveCfg = Debug|x86
		{A2F5D10D-90ED-4063-BBD1-C772407D9FCD}.Debug|x86.ActiveCfg = Debug|x86
		{A2F5D10D-90ED-4063-BBD1-C772407D9FCD}.Debug|x86.Build.0 = Debug|x86
		{A2F5D10D-90ED-4063-BBD1-C772407D9FCD}.Release|Any CPU.ActiveCfg = Release|x86
		{A2F5D10D-90ED-4063-BBD1-C772407D9FCD}.Release|Mixed Platforms.ActiveCfg = Release|x86
		{A2F5D10D-90ED-4063-BBD1-C772407D9FCD}.Release|Mixed Platforms.Build.0 = Release|x86
		{A2F5D10D-90ED-4063-BBD1-C772407D9FCD}.Release|Win32.ActiveCfg = Release|x86
		{A2F5D10D-90ED-4063-BBD1-C772407D9FCD}.Release|x86.ActiveCfg = Release|x86
		{A2F5D10D-90ED-4063-BBD1-C772407D9FCD}.Release|x86.Build.0 = Release|x86
		{0F40335B-C24C-4AB4-A639-D9A031734BEB}.Debug|Any CPU.ActiveCfg = Debug|Win32
		{0F40335B-C24C-4AB4-A639-D9A031734BEB}.Debug|Mixed Platforms.ActiveCfg = Debug|Win32
		{0F40335B-C24C-4AB4-A639-D9A031734BEB}.Debug|Win32.ActiveCfg = Debug|Win32
		{0F40335B-C24C-4AB4-A639-D9A031734BEB}.Debug|Win32.Build.0 = Debug|Win32
		{0F40335B-C24C-4AB4-A639-D9A031734BEB}.Debug|x86.ActiveCfg = Debug|Win32
		{0F40335B-C24C-4AB4-A639-D9A031734BEB}.Debug|x86.Build.0 = Debug|Win32
		{0F40335B-C24C-4AB4-A639-D9A031734BEB}.Release|Any CPU.ActiveCfg = Release|Win32
		{0F40335B-C24C-4AB4-A639-D9A031734BEB}.Release|Mixed Platforms.ActiveCfg = Release|Win32
		{0F40335B-C24C-4AB4-A639-D9A031734BEB}.Release|Mixed Platforms.Build.0 = Release|Win32
		{0F40335B-C24C-4AB4-A639-D9A031734BEB}.Release|Win32.ActiveCfg = Release|Win32
		{0F40335B-C24C-4AB4-A639-D9A031734BEB}.Release|Win32.Build.0 = Release|Win32
		{0F40335B-C24C-4AB4-A639-D9A031734BEB}.Release|x86.ActiveCfg = Release|Win32
	EndGlobalSection
	GlobalSection(SolutionProperties) = preSolution
		HideSolutionNode = FALSE
	EndGlobalSection
	GlobalSection(NestedProjects) = preSolution
		{DFC32466-EA99-44BD-B062-5A54CC28C9BB} = {1A5EE27A-B13D-4EEB-B87D-B5759077CDC6}
		{7CFEB1FB-6390-46F2-8651-BA25E277CBAF} = {1A5EE27A-B13D-4EEB-B87D-B5759077CDC6}
		{43F69472-811E-442D-A49E-52F7BB1B236E} = {1A5EE27A-B13D-4EEB-B87D-B5759077CDC6}
		{0F42E350-18EF-4062-8E29-389B7AACAE3D} = {DFC32466-EA99-44BD-B062-5A54CC28C9BB}
		{68B8E4DC-3125-4E65-A0D3-942FE574603D} = {DFC32466-EA99-44BD-B062-5A54CC28C9BB}
		{B0BB62A0-1B61-4372-93DC-5526A05D805B} = {DFC32466-EA99-44BD-B062-5A54CC28C9BB}
		{33AE0BD9-599C-4426-92DA-F28251897E51} = {DFC32466-EA99-44BD-B062-5A54CC28C9BB}
		{50E10B12-E525-4834-A568-DB8FE4E65312} = {7CFEB1FB-6390-46F2-8651-BA25E277CBAF}
		{8303C26F-7284-4A85-8B81-A3C6B2A8D86A} = {7CFEB1FB-6390-46F2-8651-BA25E277CBAF}
		{E1487610-4462-4F02-BA7B-F8AB21144664} = {43F69472-811E-442D-A49E-52F7BB1B236E}
		{15EA32B5-08D0-4A15-82AE-D4F92E998D3D} = {43F69472-811E-442D-A49E-52F7BB1B236E}
		{497A1FF2-93EB-4820-AD0D-CB561192BA59} = {1A5EE27A-B13D-4EEB-B87D-B5759077CDC6}
		{2349CFB1-815D-463A-BBCC-8360D3EBC4FD} = {497A1FF2-93EB-4820-AD0D-CB561192BA59}
		{FCE6F710-B678-4904-A612-7C1C1B11938B} = {497A1FF2-93EB-4820-AD0D-CB561192BA59}
		{C6C9109E-039B-447A-878C-683360E2FCF8} = {A86A8953-82A3-4DC6-A5D6-D1D611CB86AC}
		{089AC91E-1CD3-4214-8A81-58B49E1CB66C} = {C6C9109E-039B-447A-878C-683360E2FCF8}
		{3330322B-D746-4EF4-AAD0-DC0F46F1BC29} = {C6C9109E-039B-447A-878C-683360E2FCF8}
		{53D31506-0AA4-488D-BFB4-0DF1F4E99859} = {A86A8953-82A3-4DC6-A5D6-D1D611CB86AC}
		{E90A75E2-90CA-44EB-8440-AAFFF335E1E7} = {53D31506-0AA4-488D-BFB4-0DF1F4E99859}
		{E054712D-4CAE-42DF-A472-DBF0CD545B70} = {1A5EE27A-B13D-4EEB-B87D-B5759077CDC6}
		{8A7CEF45-3501-491D-AEDA-0164060F5348} = {E054712D-4CAE-42DF-A472-DBF0CD545B70}
		{2A6C7FCF-35DB-47B0-A464-D164A9758DB6} = {E054712D-4CAE-42DF-A472-DBF0CD545B70}
		{A2F5D10D-90ED-4063-BBD1-C772407D9FCD} = {DFC32466-EA99-44BD-B062-5A54CC28C9BB}
		{0F40335B-C24C-4AB4-A639-D9A031734BEB} = {E054712D-4CAE-42DF-A472-DBF0CD545B70}
	EndGlobalSection
	GlobalSection(TestCaseManagementSettings) = postSolution
		CategoryFile = X-Rage.vsmdi
	EndGlobalSection
EndGlobal
